
Microsoft Visual Studio Solution File, Format Version 12.00
# Visual Studio Version 17
VisualStudioVersion = 17.6.33815.320
MinimumVisualStudioVersion = 10.0.40219.1
Project("{9A19103F-16F7-4668-BE54-9A1E7A4F7556}") = "Demo.Async.TaskCompletionSource", "Demo.Async.TaskCompletionSource\Demo.Async.TaskCompletionSource.csproj", "{931A93FF-446F-4D6B-B972-958D52203816}"
EndProject
Project("{FAE04EC0-301F-11D3-BF4B-00C04F79EFBC}") = "Demo.Async.SynchronizationContext.Wpf", "Demo.Async.SynchronizationContext.Wpf\Demo.Async.SynchronizationContext.Wpf.csproj", "{4FE4E3DD-F9A7-49BE-8A08-49DC27286B93}"
EndProject
Project("{FAE04EC0-301F-11D3-BF4B-00C04F79EFBC}") = "Demo.Async.SynchronizationContext.Console", "Demo.Async.SynchronizationContext.Console\Demo.Async.SynchronizationContext.Console.csproj", "{06AA26F7-59C0-407B-A303-7FC2A4E35957}"
EndProject
Global
	GlobalSection(SolutionConfigurationPlatforms) = preSolution
		Debug|Any CPU = Debug|Any CPU
		Debug|ARM64 = Debug|ARM64
		Debug|x64 = Debug|x64
		Debug|x86 = Debug|x86
		Release|Any CPU = Release|Any CPU
		Release|ARM64 = Release|ARM64
		Release|x64 = Release|x64
		Release|x86 = Release|x86
	EndGlobalSection
	GlobalSection(ProjectConfigurationPlatforms) = postSolution
		{931A93FF-446F-4D6B-B972-958D52203816}.Debug|Any CPU.ActiveCfg = Debug|Any CPU
		{931A93FF-446F-4D6B-B972-958D52203816}.Debug|Any CPU.Build.0 = Debug|Any CPU
		{931A93FF-446F-4D6B-B972-958D52203816}.Debug|ARM64.ActiveCfg = Debug|Any CPU
		{931A93FF-446F-4D6B-B972-958D52203816}.Debug|ARM64.Build.0 = Debug|Any CPU
		{931A93FF-446F-4D6B-B972-958D52203816}.Debug|x64.ActiveCfg = Debug|Any CPU
		{931A93FF-446F-4D6B-B972-958D52203816}.Debug|x64.Build.0 = Debug|Any CPU
		{931A93FF-446F-4D6B-B972-958D52203816}.Debug|x86.ActiveCfg = Debug|Any CPU
		{931A93FF-446F-4D6B-B972-958D52203816}.Debug|x86.Build.0 = Debug|Any CPU
		{931A93FF-446F-4D6B-B972-958D52203816}.Release|Any CPU.ActiveCfg = Release|Any CPU
		{931A93FF-446F-4D6B-B972-958D52203816}.Release|Any CPU.Build.0 = Release|Any CPU
		{931A93FF-446F-4D6B-B972-958D52203816}.Release|ARM64.ActiveCfg = Release|Any CPU
		{931A93FF-446F-4D6B-B972-958D52203816}.Release|ARM64.Build.0 = Release|Any CPU
		{931A93FF-446F-4D6B-B972-958D52203816}.Release|x64.ActiveCfg = Release|Any CPU
		{931A93FF-446F-4D6B-B972-958D52203816}.Release|x64.Build.0 = Release|Any CPU
		{931A93FF-446F-4D6B-B972-958D52203816}.Release|x86.ActiveCfg = Release|Any CPU
		{931A93FF-446F-4D6B-B972-958D52203816}.Release|x86.Build.0 = Release|Any CPU
		{4FE4E3DD-F9A7-49BE-8A08-49DC27286B93}.Debug|Any CPU.ActiveCfg = Debug|Any CPU
		{4FE4E3DD-F9A7-49BE-8A08-49DC27286B93}.Debug|Any CPU.Build.0 = Debug|Any CPU
		{4FE4E3DD-F9A7-49BE-8A08-49DC27286B93}.Debug|ARM64.ActiveCfg = Debug|Any CPU
		{4FE4E3DD-F9A7-49BE-8A08-49DC27286B93}.Debug|ARM64.Build.0 = Debug|Any CPU
		{4FE4E3DD-F9A7-49BE-8A08-49DC27286B93}.Debug|x64.ActiveCfg = Debug|Any CPU
		{4FE4E3DD-F9A7-49BE-8A08-49DC27286B93}.Debug|x64.Build.0 = Debug|Any CPU
		{4FE4E3DD-F9A7-49BE-8A08-49DC27286B93}.Debug|x86.ActiveCfg = Debug|Any CPU
		{4FE4E3DD-F9A7-49BE-8A08-49DC27286B93}.Debug|x86.Build.0 = Debug|Any CPU
		{4FE4E3DD-F9A7-49BE-8A08-49DC27286B93}.Release|Any CPU.ActiveCfg = Release|Any CPU
		{4FE4E3DD-F9A7-49BE-8A08-49DC27286B93}.Release|Any CPU.Build.0 = Release|Any CPU
		{4FE4E3DD-F9A7-49BE-8A08-49DC27286B93}.Release|ARM64.ActiveCfg = Release|Any CPU
		{4FE4E3DD-F9A7-49BE-8A08-49DC27286B93}.Release|ARM64.Build.0 = Release|Any CPU
		{4FE4E3DD-F9A7-49BE-8A08-49DC27286B93}.Release|x64.ActiveCfg = Release|Any CPU
		{4FE4E3DD-F9A7-49BE-8A08-49DC27286B93}.Release|x64.Build.0 = Release|Any CPU
		{4FE4E3DD-F9A7-49BE-8A08-49DC27286B93}.Release|x86.ActiveCfg = Release|Any CPU
		{4FE4E3DD-F9A7-49BE-8A08-49DC27286B93}.Release|x86.Build.0 = Release|Any CPU
		{06AA26F7-59C0-407B-A303-7FC2A4E35957}.Debug|Any CPU.ActiveCfg = Debug|Any CPU
		{06AA26F7-59C0-407B-A303-7FC2A4E35957}.Debug|Any CPU.Build.0 = Debug|Any CPU
		{06AA26F7-59C0-407B-A303-7FC2A4E35957}.Debug|ARM64.ActiveCfg = Debug|Any CPU
		{06AA26F7-59C0-407B-A303-7FC2A4E35957}.Debug|ARM64.Build.0 = Debug|Any CPU
		{06AA26F7-59C0-407B-A303-7FC2A4E35957}.Debug|x64.ActiveCfg = Debug|Any CPU
		{06AA26F7-59C0-407B-A303-7FC2A4E35957}.Debug|x64.Build.0 = Debug|Any CPU
		{06AA26F7-59C0-407B-A303-7FC2A4E35957}.Debug|x86.ActiveCfg = Debug|Any CPU
		{06AA26F7-59C0-407B-A303-7FC2A4E35957}.Debug|x86.Build.0 = Debug|Any CPU
		{06AA26F7-59C0-407B-A303-7FC2A4E35957}.Release|Any CPU.ActiveCfg = Release|Any CPU
		{06AA26F7-59C0-407B-A303-7FC2A4E35957}.Release|Any CPU.Build.0 = Release|Any CPU
		{06AA26F7-59C0-407B-A303-7FC2A4E35957}.Release|ARM64.ActiveCfg = Release|Any CPU
		{06AA26F7-59C0-407B-A303-7FC2A4E35957}.Release|ARM64.Build.0 = Release|Any CPU
		{06AA26F7-59C0-407B-A303-7FC2A4E35957}.Release|x64.ActiveCfg = Release|Any CPU
		{06AA26F7-59C0-407B-A303-7FC2A4E35957}.Release|x64.Build.0 = Release|Any CPU
		{06AA26F7-59C0-407B-A303-7FC2A4E35957}.Release|x86.ActiveCfg = Release|Any CPU
		{06AA26F7-59C0-407B-A303-7FC2A4E35957}.Release|x86.Build.0 = Release|Any CPU
	EndGlobalSection
	GlobalSection(SolutionProperties) = preSolution
		HideSolutionNode = FALSE
	EndGlobalSection
	GlobalSection(ExtensibilityGlobals) = postSolution
		SolutionGuid = {59D589FB-4FAF-4AF3-B399-82389E992E15}
	EndGlobalSection
EndGlobal
